
Microsoft Visual Studio Solution File, Format Version 12.00
# Visual Studio 2012
Project("{FAE04EC0-301F-11D3-BF4B-00C04F79EFBC}") = "OpenInsider", "OpenInsider.csproj", "{852AFECF-13EE-4654-89A9-C1CD1624BB61}"
EndProject
Global
	GlobalSection(SolutionConfigurationPlatforms) = preSolution
		Debug|Any CPU = Debug|Any CPU
		Release|Any CPU = Release|Any CPU
	EndGlobalSection
	GlobalSection(ProjectConfigurationPlatforms) = postSolution
		{852AFECF-13EE-4654-89A9-C1CD1624BB61}.Debug|Any CPU.ActiveCfg = Debug|Any CPU
		{852AFECF-13EE-4654-89A9-C1CD1624BB61}.Debug|Any CPU.Build.0 = Debug|Any CPU
		{852AFECF-13EE-4654-89A9-C1CD1624BB61}.Release|Any CPU.ActiveCfg = Release|Any CPU
		{852AFECF-13EE-4654-89A9-C1CD1624BB61}.Release|Any CPU.Build.0 = Release|Any CPU
	EndGlobalSection
	GlobalSection(SolutionProperties) = preSolution
		HideSolutionNode = FALSE
	EndGlobalSection
EndGlobal
